// !$*UTF8*$!
{
	archiveVersion = 1;
	classes = {
	};
	objectVersion = 46;
	objects = {

/* Begin PBXBuildFile section */
		E7314568155C29310040206D /* UIKit.framework in Frameworks */ = {isa = PBXBuildFile; fileRef = E7314567155C29310040206D /* UIKit.framework */; };
		E731456A155C29310040206D /* Foundation.framework in Frameworks */ = {isa = PBXBuildFile; fileRef = E7314569155C29310040206D /* Foundation.framework */; };
		E731456C155C29310040206D /* CoreGraphics.framework in Frameworks */ = {isa = PBXBuildFile; fileRef = E731456B155C29310040206D /* CoreGraphics.framework */; };
		E7314572155C29310040206D /* InfoPlist.strings in Resources */ = {isa = PBXBuildFile; fileRef = E7314570155C29310040206D /* InfoPlist.strings */; };
		E7314574155C29310040206D /* main.m in Sources */ = {isa = PBXBuildFile; fileRef = E7314573155C29310040206D /* main.m */; };
		E7314578155C29310040206D /* FXAppDelegate.m in Sources */ = {isa = PBXBuildFile; fileRef = E7314577155C29310040206D /* FXAppDelegate.m */; };
		E731457B155C29310040206D /* MainStoryboard.storyboard in Resources */ = {isa = PBXBuildFile; fileRef = E7314579155C29310040206D /* MainStoryboard.storyboard */; };
		E731457E155C29310040206D /* FXViewController.m in Sources */ = {isa = PBXBuildFile; fileRef = E731457D155C29310040206D /* FXViewController.m */; };
/* End PBXBuildFile section */

/* Begin PBXFileReference section */
		E7314563155C29310040206D /* LoginServices.app */ = {isa = PBXFileReference; explicitFileType = wrapper.application; includeInIndex = 0; path = LoginServices.app; sourceTree = BUILT_PRODUCTS_DIR; };
		E7314567155C29310040206D /* UIKit.framework */ = {isa = PBXFileReference; lastKnownFileType = wrapper.framework; name = UIKit.framework; path = System/Library/Frameworks/UIKit.framework; sourceTree = SDKROOT; };
		E7314569155C29310040206D /* Foundation.framework */ = {isa = PBXFileReference; lastKnownFileType = wrapper.framework; name = Foundation.framework; path = System/Library/Frameworks/Foundation.framework; sourceTree = SDKROOT; };
		E731456B155C29310040206D /* CoreGraphics.framework */ = {isa = PBXFileReference; lastKnownFileType = wrapper.framework; name = CoreGraphics.framework; path = System/Library/Frameworks/CoreGraphics.framework; sourceTree = SDKROOT; };
		E731456F155C29310040206D /* LoginServices-Info.plist */ = {isa = PBXFileReference; path = "LoginServices-Info.plist"; sourceTree = "<group>"; };
		E7314571155C29310040206D /* en */ = {isa = PBXFileReference; lastKnownFileType = text.plist.strings; name = en; path = en.lproj/InfoPlist.strings; sourceTree = "<group>"; };
		E7314573155C29310040206D /* main.m */ = {isa = PBXFileReference; lastKnownFileType = sourcecode.c.objc; path = main.m; sourceTree = "<group>"; };
		E7314575155C29310040206D /* LoginServices-Prefix.pch */ = {isa = PBXFileReference; path = "LoginServices-Prefix.pch"; sourceTree = "<group>"; };
		E7314576155C29310040206D /* FXAppDelegate.h */ = {isa = PBXFileReference; path = FXAppDelegate.h; sourceTree = "<group>"; };
		E7314577155C29310040206D /* FXAppDelegate.m */ = {isa = PBXFileReference; lastKnownFileType = sourcecode.c.objc; path = FXAppDelegate.m; sourceTree = "<group>"; };
		E731457A155C29310040206D /* en */ = {isa = PBXFileReference; lastKnownFileType = file.storyboard; name = en; path = en.lproj/MainStoryboard.storyboard; sourceTree = "<group>"; };
		E731457C155C29310040206D /* FXViewController.h */ = {isa = PBXFileReference; path = FXViewController.h; sourceTree = "<group>"; };
		E731457D155C29310040206D /* FXViewController.m */ = {isa = PBXFileReference; lastKnownFileType = sourcecode.c.objc; path = FXViewController.m; sourceTree = "<group>"; };
/* End PBXFileReference section */

/* Begin PBXFrameworksBuildPhase section */
		E7314560155C29310040206D /* Frameworks */ = {
			isa = PBXFrameworksBuildPhase;
			buildActionMask = 2147483647;
			files = (
				E7314568155C29310040206D /* UIKit.framework in Frameworks */,
				E731456A155C29310040206D /* Foundation.framework in Frameworks */,
				E731456C155C29310040206D /* CoreGraphics.framework in Frameworks */,
			);
			runOnlyForDeploymentPostprocessing = 0;
		};
/* End PBXFrameworksBuildPhase section */

/* Begin PBXGroup section */
		E7314558155C29310040206D = {
			isa = PBXGroup;
			children = (
				E731456D155C29310040206D /* LoginServices */,
				E7314566155C29310040206D /* Frameworks */,
				E7314564155C29310040206D /* Products */,
			);
			sourceTree = "<group>";
		};
		E7314564155C29310040206D /* Products */ = {
			isa = PBXGroup;
			children = (
				E7314563155C29310040206D /* LoginServices.app */,
			);
			name = Products;
			sourceTree = "<group>";
		};
		E7314566155C29310040206D /* Frameworks */ = {
			isa = PBXGroup;
			children = (
				E7314567155C29310040206D /* UIKit.framework */,
				E7314569155C29310040206D /* Foundation.framework */,
				E731456B155C29310040206D /* CoreGraphics.framework */,
			);
			name = Frameworks;
			sourceTree = "<group>";
		};
		E731456D155C29310040206D /* LoginServices */ = {
			isa = PBXGroup;
			children = (
				E7314576155C29310040206D /* FXAppDelegate.h */,
				E7314577155C29310040206D /* FXAppDelegate.m */,
				E7314579155C29310040206D /* MainStoryboard.storyboard */,
				E731457C155C29310040206D /* FXViewController.h */,
				E731457D155C29310040206D /* FXViewController.m */,
				E731456E155C29310040206D /* Supporting Files */,
			);
			path = LoginServices;
			sourceTree = "<group>";
		};
		E731456E155C29310040206D /* Supporting Files */ = {
			isa = PBXGroup;
			children = (
				E731456F155C29310040206D /* LoginServices-Info.plist */,
				E7314570155C29310040206D /* InfoPlist.strings */,
				E7314573155C29310040206D /* main.m */,
				E7314575155C29310040206D /* LoginServices-Prefix.pch */,
			);
			name = "Supporting Files";
			sourceTree = "<group>";
		};
/* End PBXGroup section */

/* Begin PBXNativeTarget section */
		E7314562155C29310040206D /* LoginServices */ = {
			isa = PBXNativeTarget;
			buildConfigurationList = E7314581155C29310040206D /* Build configuration list for PBXNativeTarget "LoginServices" */;
			buildPhases = (
				E731455F155C29310040206D /* Sources */,
				E7314560155C29310040206D /* Frameworks */,
				E7314561155C29310040206D /* Resources */,
			);
			buildRules = (
			);
			dependencies = (
			);
			name = LoginServices;
			productName = LoginServices;
			productReference = E7314563155C29310040206D /* LoginServices.app */;
			productType = "com.apple.product-type.application";
		};
/* End PBXNativeTarget section */

/* Begin PBXProject section */
		E731455A155C29310040206D /* Project object */ = {
			isa = PBXProject;
			attributes = {
				CLASSPREFIX = FX;
				LastUpgradeCheck = 0430;
			};
			buildConfigurationList = E731455D155C29310040206D /* Build configuration list for PBXProject "LoginServices" */;
			compatibilityVersion = "Xcode 3.2";
			developmentRegion = English;
			hasScannedForEncodings = 0;
			knownRegions = (
				en,
			);
			mainGroup = E7314558155C29310040206D;
			productRefGroup = E7314564155C29310040206D /* Products */;
			projectDirPath = "";
			projectRoot = "";
			targets = (
				E7314562155C29310040206D /* LoginServices */,
			);
		};
/* End PBXProject section */

/* Begin PBXResourcesBuildPhase section */
		E7314561155C29310040206D /* Resources */ = {
			isa = PBXResourcesBuildPhase;
			buildActionMask = 2147483647;
			files = (
				E7314572155C29310040206D /* InfoPlist.strings in Resources */,
				E731457B155C29310040206D /* MainStoryboard.storyboard in Resources */,
			);
			runOnlyForDeploymentPostprocessing = 0;
		};
/* End PBXResourcesBuildPhase section */

/* Begin PBXSourcesBuildPhase section */
		E731455F155C29310040206D /* Sources */ = {
			isa = PBXSourcesBuildPhase;
			buildActionMask = 2147483647;
			files = (
				E7314574155C29310040206D /* main.m in Sources */,
				E7314578155C29310040206D /* FXAppDelegate.m in Sources */,
				E731457E155C29310040206D /* FXViewController.m in Sources */,
			);
			runOnlyForDeploymentPostprocessing = 0;
		};
/* End PBXSourcesBuildPhase section */

/* Begin PBXVariantGroup section */
		E7314570155C29310040206D /* InfoPlist.strings */ = {
			isa = PBXVariantGroup;
			children = (
				E7314571155C29310040206D /* en */,
			);
			name = InfoPlist.strings;
			sourceTree = "<group>";
		};
		E7314579155C29310040206D /* MainStoryboard.storyboard */ = {
			isa = PBXVariantGroup;
			children = (
				E731457A155C29310040206D /* en */,
			);
			name = MainStoryboard.storyboard;
			sourceTree = "<group>";
		};
/* End PBXVariantGroup section */

/* Begin XCBuildConfiguration section */
		E731457F155C29310040206D /* Debug */ = {
			isa = XCBuildConfiguration;
			buildSettings = {
				ALWAYS_SEARCH_USER_PATHS = NO;
				ARCHS = "$(ARCHS_STANDARD_32_BIT)";
				CLANG_ENABLE_OBJC_ARC = YES;
				"CODE_SIGN_IDENTITY[sdk=iphoneos*]" = "iPhone Developer";
				COPY_PHASE_STRIP = NO;
				GCC_C_LANGUAGE_STANDARD = gnu99;
				GCC_DYNAMIC_NO_PIC = NO;
				GCC_OPTIMIZATION_LEVEL = 0;
				GCC_PREPROCESSOR_DEFINITIONS = (
					"DEBUG=1",
					"$(inherited)",
				);
				GCC_SYMBOLS_PRIVATE_EXTERN = NO;
				GCC_VERSION = com.apple.compilers.llvm.clang.1_0;
				GCC_WARN_ABOUT_RETURN_TYPE = YES;
				GCC_WARN_UNINITIALIZED_AUTOS = YES;
				GCC_WARN_UNUSED_VARIABLE = YES;
				IPHONEOS_DEPLOYMENT_TARGET = 5.1;
				SDKROOT = iphoneos;
			};
			name = Debug;
		};
		E7314580155C29310040206D /* Release */ = {
			isa = XCBuildConfiguration;
			buildSettings = {
				ALWAYS_SEARCH_USER_PATHS = NO;
				ARCHS = "$(ARCHS_STANDARD_32_BIT)";
				CLANG_ENABLE_OBJC_ARC = YES;
				"CODE_SIGN_IDENTITY[sdk=iphoneos*]" = "iPhone Developer";
				COPY_PHASE_STRIP = YES;
				GCC_C_LANGUAGE_STANDARD = gnu99;
				GCC_VERSION = com.apple.compilers.llvm.clang.1_0;
				GCC_WARN_ABOUT_RETURN_TYPE = YES;
				GCC_WARN_UNINITIALIZED_AUTOS = YES;
				GCC_WARN_UNUSED_VARIABLE = YES;
				IPHONEOS_DEPLOYMENT_TARGET = 5.1;
				OTHER_CFLAGS = "-DNS_BLOCK_ASSERTIONS=1";
				SDKROOT = iphoneos;
				VALIDATE_PRODUCT = YES;
			};
			name = Release;
		};
		E7314582155C29310040206D /* Debug */ = {
			isa = XCBuildConfiguration;
			buildSettings = {
				GCC_PRECOMPILE_PREFIX_HEADER = YES;
				GCC_PREFIX_HEADER = "LoginServices/LoginServices-Prefix.pch";
				INFOPLIST_FILE = "LoginServices/LoginServices-Info.plist";
				PRODUCT_NAME = "$(TARGET_NAME)";
				WRAPPER_EXTENSION = app;
			};
			name = Debug;
		};
		E7314583155C29310040206D /* Release */ = {
			isa = XCBuildConfiguration;
			buildSettings = {
				GCC_PRECOMPILE_PREFIX_HEADER = YES;
				GCC_PREFIX_HEADER = "LoginServices/LoginServices-Prefix.pch";
				INFOPLIST_FILE = "LoginServices/LoginServices-Info.plist";
				PRODUCT_NAME = "$(TARGET_NAME)";
				WRAPPER_EXTENSION = app;
			};
			name = Release;
		};
/* End XCBuildConfiguration section */

/* Begin XCConfigurationList section */
		E731455D155C29310040206D /* Build configuration list for PBXProject "LoginServices" */ = {
			isa = XCConfigurationList;
			buildConfigurations = (
				E731457F155C29310040206D /* Debug */,
				E7314580155C29310040206D /* Release */,
			);
			defaultConfigurationIsVisible = 0;
			defaultConfigurationName = Release;
		};
		E7314581155C29310040206D /* Build configuration list for PBXNativeTarget "LoginServices" */ = {
			isa = XCConfigurationList;
			buildConfigurations = (
				E7314582155C29310040206D /* Debug */,
				E7314583155C29310040206D /* Release */,
			);
			defaultConfigurationIsVisible = 0;
		};
/* End XCConfigurationList section */
	};
	rootObject = E731455A155C29310040206D /* Project object */;
}
