// !$*UTF8*$!
{
	archiveVersion = 1;
	classes = {
	};
	objectVersion = 46;
	objects = {

/* Begin PBXBuildFile section */
		E7314568155C29310040206D /* UIKit.framework in Frameworks */ = {isa = PBXBuildFile; fileRef = E7314567155C29310040206D /* UIKit.framework */; };
		E731456A155C29310040206D /* Foundation.framework in Frameworks */ = {isa = PBXBuildFile; fileRef = E7314569155C29310040206D /* Foundation.framework */; };
		E731456C155C29310040206D /* CoreGraphics.framework in Frameworks */ = {isa = PBXBuildFile; fileRef = E731456B155C29310040206D /* CoreGraphics.framework */; };
		E7314572155C29310040206D /* InfoPlist.strings in Resources */ = {isa = PBXBuildFile; fileRef = E7314570155C29310040206D /* InfoPlist.strings */; };
		E7314574155C29310040206D /* main.m in Sources */ = {isa = PBXBuildFile; fileRef = E7314573155C29310040206D /* main.m */; };
		E7314578155C29310040206D /* FXAppDelegate.m in Sources */ = {isa = PBXBuildFile; fileRef = E7314577155C29310040206D /* FXAppDelegate.m */; };
		E731457B155C29310040206D /* MainStoryboard.storyboard in Resources */ = {isa = PBXBuildFile; fileRef = E7314579155C29310040206D /* MainStoryboard.storyboard */; };
		E731457E155C29310040206D /* FXViewController.m in Sources */ = {isa = PBXBuildFile; fileRef = E731457D155C29310040206D /* FXViewController.m */; };
		E7314592155C297E0040206D /* BSFacebookLoginSegue.m in Sources */ = {isa = PBXBuildFile; fileRef = E7314587155C297E0040206D /* BSFacebookLoginSegue.m */; };
		E7314593155C297E0040206D /* BSFacebookLoginService.m in Sources */ = {isa = PBXBuildFile; fileRef = E7314589155C297E0040206D /* BSFacebookLoginService.m */; };
		E7314594155C297E0040206D /* BSLoginSegue.m in Sources */ = {isa = PBXBuildFile; fileRef = E731458B155C297E0040206D /* BSLoginSegue.m */; };
		E7314595155C297E0040206D /* BSLoginService.m in Sources */ = {isa = PBXBuildFile; fileRef = E731458D155C297E0040206D /* BSLoginService.m */; };
		E7314596155C297E0040206D /* BSTwitterLoginSegue.m in Sources */ = {isa = PBXBuildFile; fileRef = E731458F155C297E0040206D /* BSTwitterLoginSegue.m */; };
		E7314597155C297E0040206D /* BSTwitterLoginService.m in Sources */ = {isa = PBXBuildFile; fileRef = E7314591155C297E0040206D /* BSTwitterLoginService.m */; };
		E7314599155C2B7D0040206D /* Twitter.framework in Frameworks */ = {isa = PBXBuildFile; fileRef = E7314598155C2B7D0040206D /* Twitter.framework */; };
		E731459B155C2B820040206D /* Accounts.framework in Frameworks */ = {isa = PBXBuildFile; fileRef = E731459A155C2B820040206D /* Accounts.framework */; };
		E731459D155C2B980040206D /* libz.dylib in Frameworks */ = {isa = PBXBuildFile; fileRef = E731459C155C2B980040206D /* libz.dylib */; };
		E73145E8155C2DBD0040206D /* FXNavigationController.m in Sources */ = {isa = PBXBuildFile; fileRef = E73145E7155C2DBD0040206D /* FXNavigationController.m */; };
		E770750015669AA900EE6AB8 /* GTMOAuth2ViewTouch.xib in Resources */ = {isa = PBXBuildFile; fileRef = E77074FF15669AA900EE6AB8 /* GTMOAuth2ViewTouch.xib */; };
		E770750215669AB800EE6AB8 /* OAuthLoginView.xib in Resources */ = {isa = PBXBuildFile; fileRef = E770750115669AB800EE6AB8 /* OAuthLoginView.xib */; };
		E770750415669AF400EE6AB8 /* close.png in Resources */ = {isa = PBXBuildFile; fileRef = E770750315669AF400EE6AB8 /* close.png */; };
		E789B857156695A9001482F0 /* libFacebook.a in Frameworks */ = {isa = PBXBuildFile; fileRef = E789B856156695A9001482F0 /* libFacebook.a */; };
		E79CC1B2156697D500B5260E /* BSLinkedInLoginSegue.m in Sources */ = {isa = PBXBuildFile; fileRef = E79CC1A4156697D500B5260E /* BSLinkedInLoginSegue.m */; };
		E79CC1B3156697D500B5260E /* BSLinkedInLoginService.m in Sources */ = {isa = PBXBuildFile; fileRef = E79CC1A6156697D500B5260E /* BSLinkedInLoginService.m */; };
		E79CC1B6156697D500B5260E /* BSRunKeeperLoginSegue.m in Sources */ = {isa = PBXBuildFile; fileRef = E79CC1AC156697D500B5260E /* BSRunKeeperLoginSegue.m */; };
		E79CC1B7156697D500B5260E /* BSRunKeeperLoginService.m in Sources */ = {isa = PBXBuildFile; fileRef = E79CC1AE156697D500B5260E /* BSRunKeeperLoginService.m */; };
		E79CC1BB1566982B00B5260E /* BSStringValidator.m in Sources */ = {isa = PBXBuildFile; fileRef = E79CC1BA1566982B00B5260E /* BSStringValidator.m */; };
		E79CC1BF1566984E00B5260E /* libLinkedIn.a in Frameworks */ = {isa = PBXBuildFile; fileRef = E79CC1BC1566984E00B5260E /* libLinkedIn.a */; };
		E79CC1C01566984E00B5260E /* libMKNetworkKit.a in Frameworks */ = {isa = PBXBuildFile; fileRef = E79CC1BD1566984E00B5260E /* libMKNetworkKit.a */; };
		E79CC1C11566984E00B5260E /* libOAuth2.a in Frameworks */ = {isa = PBXBuildFile; fileRef = E79CC1BE1566984E00B5260E /* libOAuth2.a */; };
		E79CC1C31566986500B5260E /* Security.framework in Frameworks */ = {isa = PBXBuildFile; fileRef = E79CC1C21566986500B5260E /* Security.framework */; };
		E79CC1C51566987F00B5260E /* CFNetwork.framework in Frameworks */ = {isa = PBXBuildFile; fileRef = E79CC1C41566987F00B5260E /* CFNetwork.framework */; };
		E79CC1C7156698B700B5260E /* SystemConfiguration.framework in Frameworks */ = {isa = PBXBuildFile; fileRef = E79CC1C6156698B700B5260E /* SystemConfiguration.framework */; };
		E7CF81A5155DAFCF007D5FCC /* FXHomeViewController.m in Sources */ = {isa = PBXBuildFile; fileRef = E7CF81A4155DAFCF007D5FCC /* FXHomeViewController.m */; };
/* End PBXBuildFile section */

/* Begin PBXFileReference section */
		E7314563155C29310040206D /* LoginServices.app */ = {isa = PBXFileReference; explicitFileType = wrapper.application; includeInIndex = 0; path = LoginServices.app; sourceTree = BUILT_PRODUCTS_DIR; };
		E7314567155C29310040206D /* UIKit.framework */ = {isa = PBXFileReference; lastKnownFileType = wrapper.framework; name = UIKit.framework; path = System/Library/Frameworks/UIKit.framework; sourceTree = SDKROOT; };
		E7314569155C29310040206D /* Foundation.framework */ = {isa = PBXFileReference; lastKnownFileType = wrapper.framework; name = Foundation.framework; path = System/Library/Frameworks/Foundation.framework; sourceTree = SDKROOT; };
		E731456B155C29310040206D /* CoreGraphics.framework */ = {isa = PBXFileReference; lastKnownFileType = wrapper.framework; name = CoreGraphics.framework; path = System/Library/Frameworks/CoreGraphics.framework; sourceTree = SDKROOT; };
		E731456F155C29310040206D /* LoginServices-Info.plist */ = {isa = PBXFileReference; lastKnownFileType = text.plist.xml; path = "LoginServices-Info.plist"; sourceTree = "<group>"; };
		E7314571155C29310040206D /* en */ = {isa = PBXFileReference; lastKnownFileType = text.plist.strings; name = en; path = en.lproj/InfoPlist.strings; sourceTree = "<group>"; };
		E7314573155C29310040206D /* main.m */ = {isa = PBXFileReference; lastKnownFileType = sourcecode.c.objc; path = main.m; sourceTree = "<group>"; };
		E7314575155C29310040206D /* LoginServices-Prefix.pch */ = {isa = PBXFileReference; lastKnownFileType = sourcecode.c.h; path = "LoginServices-Prefix.pch"; sourceTree = "<group>"; };
		E7314576155C29310040206D /* FXAppDelegate.h */ = {isa = PBXFileReference; lastKnownFileType = sourcecode.c.h; path = FXAppDelegate.h; sourceTree = "<group>"; };
		E7314577155C29310040206D /* FXAppDelegate.m */ = {isa = PBXFileReference; lastKnownFileType = sourcecode.c.objc; path = FXAppDelegate.m; sourceTree = "<group>"; };
		E731457A155C29310040206D /* en */ = {isa = PBXFileReference; lastKnownFileType = file.storyboard; name = en; path = en.lproj/MainStoryboard.storyboard; sourceTree = "<group>"; };
		E731457C155C29310040206D /* FXViewController.h */ = {isa = PBXFileReference; lastKnownFileType = sourcecode.c.h; path = FXViewController.h; sourceTree = "<group>"; };
		E731457D155C29310040206D /* FXViewController.m */ = {isa = PBXFileReference; lastKnownFileType = sourcecode.c.objc; path = FXViewController.m; sourceTree = "<group>"; };
		E7314586155C297E0040206D /* BSFacebookLoginSegue.h */ = {isa = PBXFileReference; fileEncoding = 4; lastKnownFileType = sourcecode.c.h; path = BSFacebookLoginSegue.h; sourceTree = "<group>"; };
		E7314587155C297E0040206D /* BSFacebookLoginSegue.m */ = {isa = PBXFileReference; fileEncoding = 4; lastKnownFileType = sourcecode.c.objc; path = BSFacebookLoginSegue.m; sourceTree = "<group>"; };
		E7314588155C297E0040206D /* BSFacebookLoginService.h */ = {isa = PBXFileReference; fileEncoding = 4; lastKnownFileType = sourcecode.c.h; path = BSFacebookLoginService.h; sourceTree = "<group>"; };
		E7314589155C297E0040206D /* BSFacebookLoginService.m */ = {isa = PBXFileReference; fileEncoding = 4; lastKnownFileType = sourcecode.c.objc; path = BSFacebookLoginService.m; sourceTree = "<group>"; };
		E731458A155C297E0040206D /* BSLoginSegue.h */ = {isa = PBXFileReference; fileEncoding = 4; lastKnownFileType = sourcecode.c.h; path = BSLoginSegue.h; sourceTree = "<group>"; };
		E731458B155C297E0040206D /* BSLoginSegue.m */ = {isa = PBXFileReference; fileEncoding = 4; lastKnownFileType = sourcecode.c.objc; path = BSLoginSegue.m; sourceTree = "<group>"; };
		E731458C155C297E0040206D /* BSLoginService.h */ = {isa = PBXFileReference; fileEncoding = 4; lastKnownFileType = sourcecode.c.h; path = BSLoginService.h; sourceTree = "<group>"; };
		E731458D155C297E0040206D /* BSLoginService.m */ = {isa = PBXFileReference; fileEncoding = 4; lastKnownFileType = sourcecode.c.objc; path = BSLoginService.m; sourceTree = "<group>"; };
		E731458E155C297E0040206D /* BSTwitterLoginSegue.h */ = {isa = PBXFileReference; fileEncoding = 4; lastKnownFileType = sourcecode.c.h; path = BSTwitterLoginSegue.h; sourceTree = "<group>"; };
		E731458F155C297E0040206D /* BSTwitterLoginSegue.m */ = {isa = PBXFileReference; fileEncoding = 4; lastKnownFileType = sourcecode.c.objc; path = BSTwitterLoginSegue.m; sourceTree = "<group>"; };
		E7314590155C297E0040206D /* BSTwitterLoginService.h */ = {isa = PBXFileReference; fileEncoding = 4; lastKnownFileType = sourcecode.c.h; path = BSTwitterLoginService.h; sourceTree = "<group>"; };
		E7314591155C297E0040206D /* BSTwitterLoginService.m */ = {isa = PBXFileReference; fileEncoding = 4; lastKnownFileType = sourcecode.c.objc; path = BSTwitterLoginService.m; sourceTree = "<group>"; };
		E7314598155C2B7D0040206D /* Twitter.framework */ = {isa = PBXFileReference; lastKnownFileType = wrapper.framework; name = Twitter.framework; path = System/Library/Frameworks/Twitter.framework; sourceTree = SDKROOT; };
		E731459A155C2B820040206D /* Accounts.framework */ = {isa = PBXFileReference; lastKnownFileType = wrapper.framework; name = Accounts.framework; path = System/Library/Frameworks/Accounts.framework; sourceTree = SDKROOT; };
		E731459C155C2B980040206D /* libz.dylib */ = {isa = PBXFileReference; lastKnownFileType = "compiled.mach-o.dylib"; name = libz.dylib; path = usr/lib/libz.dylib; sourceTree = SDKROOT; };
		E73145E6155C2DBD0040206D /* FXNavigationController.h */ = {isa = PBXFileReference; fileEncoding = 4; lastKnownFileType = sourcecode.c.h; path = FXNavigationController.h; sourceTree = "<group>"; };
		E73145E7155C2DBD0040206D /* FXNavigationController.m */ = {isa = PBXFileReference; fileEncoding = 4; lastKnownFileType = sourcecode.c.objc; path = FXNavigationController.m; sourceTree = "<group>"; };
		E73145EE155C46700040206D /* BSLoginServices.h */ = {isa = PBXFileReference; lastKnownFileType = sourcecode.c.h; path = BSLoginServices.h; sourceTree = "<group>"; };
		E77074FF15669AA900EE6AB8 /* GTMOAuth2ViewTouch.xib */ = {isa = PBXFileReference; fileEncoding = 4; lastKnownFileType = file.xib; name = GTMOAuth2ViewTouch.xib; path = OAuth2/GTMOAuth2ViewTouch.xib; sourceTree = "<group>"; };
		E770750115669AB800EE6AB8 /* OAuthLoginView.xib */ = {isa = PBXFileReference; fileEncoding = 4; lastKnownFileType = file.xib; name = OAuthLoginView.xib; path = LinkedIn/OAuthStarterKit/OAuthLoginView.xib; sourceTree = "<group>"; };
		E770750315669AF400EE6AB8 /* close.png */ = {isa = PBXFileReference; lastKnownFileType = image.png; path = close.png; sourceTree = "<group>"; };
		E789B856156695A9001482F0 /* libFacebook.a */ = {isa = PBXFileReference; lastKnownFileType = archive.ar; name = libFacebook.a; path = "build/Release-iphoneos/libFacebook.a"; sourceTree = "<group>"; };
		E79CC1A3156697D500B5260E /* BSLinkedInLoginSegue.h */ = {isa = PBXFileReference; fileEncoding = 4; lastKnownFileType = sourcecode.c.h; path = BSLinkedInLoginSegue.h; sourceTree = "<group>"; };
		E79CC1A4156697D500B5260E /* BSLinkedInLoginSegue.m */ = {isa = PBXFileReference; fileEncoding = 4; lastKnownFileType = sourcecode.c.objc; path = BSLinkedInLoginSegue.m; sourceTree = "<group>"; };
		E79CC1A5156697D500B5260E /* BSLinkedInLoginService.h */ = {isa = PBXFileReference; fileEncoding = 4; lastKnownFileType = sourcecode.c.h; path = BSLinkedInLoginService.h; sourceTree = "<group>"; };
		E79CC1A6156697D500B5260E /* BSLinkedInLoginService.m */ = {isa = PBXFileReference; fileEncoding = 4; lastKnownFileType = sourcecode.c.objc; path = BSLinkedInLoginService.m; sourceTree = "<group>"; };
		E79CC1AB156697D500B5260E /* BSRunKeeperLoginSegue.h */ = {isa = PBXFileReference; fileEncoding = 4; lastKnownFileType = sourcecode.c.h; path = BSRunKeeperLoginSegue.h; sourceTree = "<group>"; };
		E79CC1AC156697D500B5260E /* BSRunKeeperLoginSegue.m */ = {isa = PBXFileReference; fileEncoding = 4; lastKnownFileType = sourcecode.c.objc; path = BSRunKeeperLoginSegue.m; sourceTree = "<group>"; };
		E79CC1AD156697D500B5260E /* BSRunKeeperLoginService.h */ = {isa = PBXFileReference; fileEncoding = 4; lastKnownFileType = sourcecode.c.h; path = BSRunKeeperLoginService.h; sourceTree = "<group>"; };
		E79CC1AE156697D500B5260E /* BSRunKeeperLoginService.m */ = {isa = PBXFileReference; fileEncoding = 4; lastKnownFileType = sourcecode.c.objc; path = BSRunKeeperLoginService.m; sourceTree = "<group>"; };
		E79CC1B91566982B00B5260E /* BSStringValidator.h */ = {isa = PBXFileReference; fileEncoding = 4; lastKnownFileType = sourcecode.c.h; path = BSStringValidator.h; sourceTree = "<group>"; };
		E79CC1BA1566982B00B5260E /* BSStringValidator.m */ = {isa = PBXFileReference; fileEncoding = 4; lastKnownFileType = sourcecode.c.objc; path = BSStringValidator.m; sourceTree = "<group>"; };
		E79CC1BC1566984E00B5260E /* libLinkedIn.a */ = {isa = PBXFileReference; lastKnownFileType = archive.ar; name = libLinkedIn.a; path = "build/Release-iphoneos/libLinkedIn.a"; sourceTree = "<group>"; };
		E79CC1BD1566984E00B5260E /* libMKNetworkKit.a */ = {isa = PBXFileReference; lastKnownFileType = archive.ar; name = libMKNetworkKit.a; path = "build/Release-iphoneos/libMKNetworkKit.a"; sourceTree = "<group>"; };
		E79CC1BE1566984E00B5260E /* libOAuth2.a */ = {isa = PBXFileReference; lastKnownFileType = archive.ar; name = libOAuth2.a; path = "build/Release-iphoneos/libOAuth2.a"; sourceTree = "<group>"; };
		E79CC1C21566986500B5260E /* Security.framework */ = {isa = PBXFileReference; lastKnownFileType = wrapper.framework; name = Security.framework; path = System/Library/Frameworks/Security.framework; sourceTree = SDKROOT; };
		E79CC1C41566987F00B5260E /* CFNetwork.framework */ = {isa = PBXFileReference; lastKnownFileType = wrapper.framework; name = CFNetwork.framework; path = System/Library/Frameworks/CFNetwork.framework; sourceTree = SDKROOT; };
		E79CC1C6156698B700B5260E /* SystemConfiguration.framework */ = {isa = PBXFileReference; lastKnownFileType = wrapper.framework; name = SystemConfiguration.framework; path = System/Library/Frameworks/SystemConfiguration.framework; sourceTree = SDKROOT; };
		E7CF81A3155DAFCF007D5FCC /* FXHomeViewController.h */ = {isa = PBXFileReference; fileEncoding = 4; lastKnownFileType = sourcecode.c.h; path = FXHomeViewController.h; sourceTree = "<group>"; };
		E7CF81A4155DAFCF007D5FCC /* FXHomeViewController.m */ = {isa = PBXFileReference; fileEncoding = 4; lastKnownFileType = sourcecode.c.objc; path = FXHomeViewController.m; sourceTree = "<group>"; };
/* End PBXFileReference section */

/* Begin PBXFrameworksBuildPhase section */
		E7314560155C29310040206D /* Frameworks */ = {
			isa = PBXFrameworksBuildPhase;
			buildActionMask = 2147483647;
			files = (
				E79CC1C7156698B700B5260E /* SystemConfiguration.framework in Frameworks */,
				E79CC1BF1566984E00B5260E /* libLinkedIn.a in Frameworks */,
				E79CC1C01566984E00B5260E /* libMKNetworkKit.a in Frameworks */,
				E79CC1C11566984E00B5260E /* libOAuth2.a in Frameworks */,
				E789B857156695A9001482F0 /* libFacebook.a in Frameworks */,
				E731459D155C2B980040206D /* libz.dylib in Frameworks */,
				E79CC1C51566987F00B5260E /* CFNetwork.framework in Frameworks */,
				E79CC1C31566986500B5260E /* Security.framework in Frameworks */,
				E731459B155C2B820040206D /* Accounts.framework in Frameworks */,
				E7314599155C2B7D0040206D /* Twitter.framework in Frameworks */,
				E7314568155C29310040206D /* UIKit.framework in Frameworks */,
				E731456A155C29310040206D /* Foundation.framework in Frameworks */,
				E731456C155C29310040206D /* CoreGraphics.framework in Frameworks */,
			);
			runOnlyForDeploymentPostprocessing = 0;
		};
/* End PBXFrameworksBuildPhase section */

/* Begin PBXGroup section */
		E7314558155C29310040206D = {
			isa = PBXGroup;
			children = (
				E7314584155C297E0040206D /* Vendor */,
				E731456D155C29310040206D /* LoginServices */,
				E7314566155C29310040206D /* Frameworks */,
				E7314564155C29310040206D /* Products */,
			);
			sourceTree = "<group>";
		};
		E7314564155C29310040206D /* Products */ = {
			isa = PBXGroup;
			children = (
				E7314563155C29310040206D /* LoginServices.app */,
			);
			name = Products;
			sourceTree = "<group>";
		};
		E7314566155C29310040206D /* Frameworks */ = {
			isa = PBXGroup;
			children = (
				E79CC1BC1566984E00B5260E /* libLinkedIn.a */,
				E79CC1BD1566984E00B5260E /* libMKNetworkKit.a */,
				E79CC1BE1566984E00B5260E /* libOAuth2.a */,
				E789B856156695A9001482F0 /* libFacebook.a */,
				E731459C155C2B980040206D /* libz.dylib */,
				E79CC1C6156698B700B5260E /* SystemConfiguration.framework */,
				E79CC1C41566987F00B5260E /* CFNetwork.framework */,
				E79CC1C21566986500B5260E /* Security.framework */,
				E731459A155C2B820040206D /* Accounts.framework */,
				E7314598155C2B7D0040206D /* Twitter.framework */,
				E7314567155C29310040206D /* UIKit.framework */,
				E7314569155C29310040206D /* Foundation.framework */,
				E731456B155C29310040206D /* CoreGraphics.framework */,
			);
			name = Frameworks;
			sourceTree = "<group>";
		};
		E731456D155C29310040206D /* LoginServices */ = {
			isa = PBXGroup;
			children = (
				E7314576155C29310040206D /* FXAppDelegate.h */,
				E7314577155C29310040206D /* FXAppDelegate.m */,
				E7314579155C29310040206D /* MainStoryboard.storyboard */,
				E731457C155C29310040206D /* FXViewController.h */,
				E731457D155C29310040206D /* FXViewController.m */,
				E73145E6155C2DBD0040206D /* FXNavigationController.h */,
				E73145E7155C2DBD0040206D /* FXNavigationController.m */,
				E7CF81A3155DAFCF007D5FCC /* FXHomeViewController.h */,
				E7CF81A4155DAFCF007D5FCC /* FXHomeViewController.m */,
				E731456E155C29310040206D /* Supporting Files */,
			);
			path = LoginServices;
			sourceTree = "<group>";
		};
		E731456E155C29310040206D /* Supporting Files */ = {
			isa = PBXGroup;
			children = (
				E731456F155C29310040206D /* LoginServices-Info.plist */,
				E7314570155C29310040206D /* InfoPlist.strings */,
				E7314573155C29310040206D /* main.m */,
				E7314575155C29310040206D /* LoginServices-Prefix.pch */,
			);
			name = "Supporting Files";
			sourceTree = "<group>";
		};
		E7314584155C297E0040206D /* Vendor */ = {
			isa = PBXGroup;
			children = (
				E770750315669AF400EE6AB8 /* close.png */,
				E770750115669AB800EE6AB8 /* OAuthLoginView.xib */,
				E77074FF15669AA900EE6AB8 /* GTMOAuth2ViewTouch.xib */,
				E7314585155C297E0040206D /* BSLoginServices */,
			);
			path = Vendor;
			sourceTree = "<group>";
		};
		E7314585155C297E0040206D /* BSLoginServices */ = {
			isa = PBXGroup;
			children = (
				E79CC1B91566982B00B5260E /* BSStringValidator.h */,
				E79CC1BA1566982B00B5260E /* BSStringValidator.m */,
				E79CC1A3156697D500B5260E /* BSLinkedInLoginSegue.h */,
				E79CC1A4156697D500B5260E /* BSLinkedInLoginSegue.m */,
				E79CC1A5156697D500B5260E /* BSLinkedInLoginService.h */,
				E79CC1A6156697D500B5260E /* BSLinkedInLoginService.m */,
				E79CC1AB156697D500B5260E /* BSRunKeeperLoginSegue.h */,
				E79CC1AC156697D500B5260E /* BSRunKeeperLoginSegue.m */,
				E79CC1AD156697D500B5260E /* BSRunKeeperLoginService.h */,
				E79CC1AE156697D500B5260E /* BSRunKeeperLoginService.m */,
				E7314586155C297E0040206D /* BSFacebookLoginSegue.h */,
				E7314587155C297E0040206D /* BSFacebookLoginSegue.m */,
				E7314588155C297E0040206D /* BSFacebookLoginService.h */,
				E7314589155C297E0040206D /* BSFacebookLoginService.m */,
				E731458A155C297E0040206D /* BSLoginSegue.h */,
				E731458B155C297E0040206D /* BSLoginSegue.m */,
				E731458C155C297E0040206D /* BSLoginService.h */,
				E731458D155C297E0040206D /* BSLoginService.m */,
				E731458E155C297E0040206D /* BSTwitterLoginSegue.h */,
				E731458F155C297E0040206D /* BSTwitterLoginSegue.m */,
				E7314590155C297E0040206D /* BSTwitterLoginService.h */,
				E7314591155C297E0040206D /* BSTwitterLoginService.m */,
				E73145EE155C46700040206D /* BSLoginServices.h */,
			);
			path = BSLoginServices;
			sourceTree = "<group>";
		};
/* End PBXGroup section */

/* Begin PBXNativeTarget section */
		E7314562155C29310040206D /* LoginServices */ = {
			isa = PBXNativeTarget;
			buildConfigurationList = E7314581155C29310040206D /* Build configuration list for PBXNativeTarget "LoginServices" */;
			buildPhases = (
				E731455F155C29310040206D /* Sources */,
				E7314560155C29310040206D /* Frameworks */,
				E7314561155C29310040206D /* Resources */,
			);
			buildRules = (
			);
			dependencies = (
			);
			name = LoginServices;
			productName = LoginServices;
			productReference = E7314563155C29310040206D /* LoginServices.app */;
			productType = "com.apple.product-type.application";
		};
/* End PBXNativeTarget section */

/* Begin PBXProject section */
		E731455A155C29310040206D /* Project object */ = {
			isa = PBXProject;
			attributes = {
				CLASSPREFIX = FX;
				LastUpgradeCheck = 0430;
				ORGANIZATIONNAME = BeSport;
			};
			buildConfigurationList = E731455D155C29310040206D /* Build configuration list for PBXProject "LoginServices" */;
			compatibilityVersion = "Xcode 3.2";
			developmentRegion = English;
			hasScannedForEncodings = 0;
			knownRegions = (
				en,
			);
			mainGroup = E7314558155C29310040206D;
			productRefGroup = E7314564155C29310040206D /* Products */;
			projectDirPath = "";
			projectRoot = "";
			targets = (
				E7314562155C29310040206D /* LoginServices */,
			);
		};
/* End PBXProject section */

/* Begin PBXResourcesBuildPhase section */
		E7314561155C29310040206D /* Resources */ = {
			isa = PBXResourcesBuildPhase;
			buildActionMask = 2147483647;
			files = (
				E7314572155C29310040206D /* InfoPlist.strings in Resources */,
				E731457B155C29310040206D /* MainStoryboard.storyboard in Resources */,
				E770750015669AA900EE6AB8 /* GTMOAuth2ViewTouch.xib in Resources */,
				E770750215669AB800EE6AB8 /* OAuthLoginView.xib in Resources */,
				E770750415669AF400EE6AB8 /* close.png in Resources */,
			);
			runOnlyForDeploymentPostprocessing = 0;
		};
/* End PBXResourcesBuildPhase section */

/* Begin PBXSourcesBuildPhase section */
		E731455F155C29310040206D /* Sources */ = {
			isa = PBXSourcesBuildPhase;
			buildActionMask = 2147483647;
			files = (
				E7314574155C29310040206D /* main.m in Sources */,
				E7314578155C29310040206D /* FXAppDelegate.m in Sources */,
				E731457E155C29310040206D /* FXViewController.m in Sources */,
				E7314592155C297E0040206D /* BSFacebookLoginSegue.m in Sources */,
				E7314593155C297E0040206D /* BSFacebookLoginService.m in Sources */,
				E7314594155C297E0040206D /* BSLoginSegue.m in Sources */,
				E7314595155C297E0040206D /* BSLoginService.m in Sources */,
				E7314596155C297E0040206D /* BSTwitterLoginSegue.m in Sources */,
				E7314597155C297E0040206D /* BSTwitterLoginService.m in Sources */,
				E73145E8155C2DBD0040206D /* FXNavigationController.m in Sources */,
				E7CF81A5155DAFCF007D5FCC /* FXHomeViewController.m in Sources */,
				E79CC1B2156697D500B5260E /* BSLinkedInLoginSegue.m in Sources */,
				E79CC1B3156697D500B5260E /* BSLinkedInLoginService.m in Sources */,
				E79CC1B6156697D500B5260E /* BSRunKeeperLoginSegue.m in Sources */,
				E79CC1B7156697D500B5260E /* BSRunKeeperLoginService.m in Sources */,
				E79CC1BB1566982B00B5260E /* BSStringValidator.m in Sources */,
			);
			runOnlyForDeploymentPostprocessing = 0;
		};
/* End PBXSourcesBuildPhase section */

/* Begin PBXVariantGroup section */
		E7314570155C29310040206D /* InfoPlist.strings */ = {
			isa = PBXVariantGroup;
			children = (
				E7314571155C29310040206D /* en */,
			);
			name = InfoPlist.strings;
			sourceTree = "<group>";
		};
		E7314579155C29310040206D /* MainStoryboard.storyboard */ = {
			isa = PBXVariantGroup;
			children = (
				E731457A155C29310040206D /* en */,
			);
			name = MainStoryboard.storyboard;
			sourceTree = "<group>";
		};
/* End PBXVariantGroup section */

/* Begin XCBuildConfiguration section */
		E731457F155C29310040206D /* Debug */ = {
			isa = XCBuildConfiguration;
			buildSettings = {
				ALWAYS_SEARCH_USER_PATHS = NO;
				ARCHS = "$(ARCHS_STANDARD_32_BIT)";
				CLANG_ENABLE_OBJC_ARC = YES;
				"CODE_SIGN_IDENTITY[sdk=iphoneos*]" = "iPhone Developer";
				COPY_PHASE_STRIP = NO;
				GCC_C_LANGUAGE_STANDARD = gnu99;
				GCC_DYNAMIC_NO_PIC = NO;
				GCC_OPTIMIZATION_LEVEL = 0;
				GCC_PREPROCESSOR_DEFINITIONS = (
					"DEBUG=1",
					"$(inherited)",
				);
				GCC_SYMBOLS_PRIVATE_EXTERN = NO;
				GCC_VERSION = com.apple.compilers.llvm.clang.1_0;
				GCC_WARN_ABOUT_RETURN_TYPE = YES;
				GCC_WARN_UNINITIALIZED_AUTOS = YES;
				GCC_WARN_UNUSED_VARIABLE = YES;
				IPHONEOS_DEPLOYMENT_TARGET = 5.1;
				SDKROOT = iphoneos;
			};
			name = Debug;
		};
		E7314580155C29310040206D /* Release */ = {
			isa = XCBuildConfiguration;
			buildSettings = {
				ALWAYS_SEARCH_USER_PATHS = NO;
				ARCHS = "$(ARCHS_STANDARD_32_BIT)";
				CLANG_ENABLE_OBJC_ARC = YES;
				"CODE_SIGN_IDENTITY[sdk=iphoneos*]" = "iPhone Developer";
				COPY_PHASE_STRIP = YES;
				GCC_C_LANGUAGE_STANDARD = gnu99;
				GCC_VERSION = com.apple.compilers.llvm.clang.1_0;
				GCC_WARN_ABOUT_RETURN_TYPE = YES;
				GCC_WARN_UNINITIALIZED_AUTOS = YES;
				GCC_WARN_UNUSED_VARIABLE = YES;
				IPHONEOS_DEPLOYMENT_TARGET = 5.1;
				OTHER_CFLAGS = "-DNS_BLOCK_ASSERTIONS=1";
				SDKROOT = iphoneos;
				VALIDATE_PRODUCT = YES;
			};
			name = Release;
		};
		E7314582155C29310040206D /* Debug */ = {
			isa = XCBuildConfiguration;
			buildSettings = {
				GCC_PRECOMPILE_PREFIX_HEADER = YES;
				GCC_PREFIX_HEADER = "LoginServices/LoginServices-Prefix.pch";
				INFOPLIST_FILE = "LoginServices/LoginServices-Info.plist";
				LIBRARY_SEARCH_PATHS = "Vendor/**";
				OTHER_LDFLAGS = "-ObjC";
				PRODUCT_NAME = "$(TARGET_NAME)";
				USER_HEADER_SEARCH_PATHS = "Vendor/**";
				WRAPPER_EXTENSION = app;
			};
			name = Debug;
		};
		E7314583155C29310040206D /* Release */ = {
			isa = XCBuildConfiguration;
			buildSettings = {
				GCC_PRECOMPILE_PREFIX_HEADER = YES;
				GCC_PREFIX_HEADER = "LoginServices/LoginServices-Prefix.pch";
				INFOPLIST_FILE = "LoginServices/LoginServices-Info.plist";
				LIBRARY_SEARCH_PATHS = "Vendor/**";
				OTHER_LDFLAGS = "-ObjC";
				PRODUCT_NAME = "$(TARGET_NAME)";
				USER_HEADER_SEARCH_PATHS = "Vendor/**";
				WRAPPER_EXTENSION = app;
			};
			name = Release;
		};
/* End XCBuildConfiguration section */

/* Begin XCConfigurationList section */
		E731455D155C29310040206D /* Build configuration list for PBXProject "LoginServices" */ = {
			isa = XCConfigurationList;
			buildConfigurations = (
				E731457F155C29310040206D /* Debug */,
				E7314580155C29310040206D /* Release */,
			);
			defaultConfigurationIsVisible = 0;
			defaultConfigurationName = Release;
		};
		E7314581155C29310040206D /* Build configuration list for PBXNativeTarget "LoginServices" */ = {
			isa = XCConfigurationList;
			buildConfigurations = (
				E7314582155C29310040206D /* Debug */,
				E7314583155C29310040206D /* Release */,
			);
			defaultConfigurationIsVisible = 0;
			defaultConfigurationName = Release;
		};
/* End XCConfigurationList section */
	};
	rootObject = E731455A155C29310040206D /* Project object */;
}
